
Microsoft Visual Studio Solution File, Format Version 12.00
# Visual Studio Version 16
VisualStudioVersion = 16.0.29326.143
MinimumVisualStudioVersion = 10.0.40219.1
Project("{9A19103F-16F7-4668-BE54-9A1E7A4F7556}") = "Exercise1", "Exercise1\Exercise1.csproj", "{BCD2A1F2-EA42-4029-8D39-DCE42A97CCCB}"
EndProject
Project("{9A19103F-16F7-4668-BE54-9A1E7A4F7556}") = "Exercises.Tests", "Exercises.Tests\Exercises.Tests.csproj", "{14931DF7-263A-4189-BC31-72046401C51E}"
EndProject
Global
	GlobalSection(SolutionConfigurationPlatforms) = preSolution
		Debug|Any CPU = Debug|Any CPU
		Release|Any CPU = Release|Any CPU
	EndGlobalSection
	GlobalSection(ProjectConfigurationPlatforms) = postSolution
		{BCD2A1F2-EA42-4029-8D39-DCE42A97CCCB}.Debug|Any CPU.ActiveCfg = Debug|Any CPU
		{BCD2A1F2-EA42-4029-8D39-DCE42A97CCCB}.Debug|Any CPU.Build.0 = Debug|Any CPU
		{BCD2A1F2-EA42-4029-8D39-DCE42A97CCCB}.Release|Any CPU.ActiveCfg = Release|Any CPU
		{BCD2A1F2-EA42-4029-8D39-DCE42A97CCCB}.Release|Any CPU.Build.0 = Release|Any CPU
		{14931DF7-263A-4189-BC31-72046401C51E}.Debug|Any CPU.ActiveCfg = Debug|Any CPU
		{14931DF7-263A-4189-BC31-72046401C51E}.Debug|Any CPU.Build.0 = Debug|Any CPU
		{14931DF7-263A-4189-BC31-72046401C51E}.Release|Any CPU.ActiveCfg = Release|Any CPU
		{14931DF7-263A-4189-BC31-72046401C51E}.Release|Any CPU.Build.0 = Release|Any CPU
	EndGlobalSection
	GlobalSection(SolutionProperties) = preSolution
		HideSolutionNode = FALSE
	EndGlobalSection
	GlobalSection(ExtensibilityGlobals) = postSolution
		SolutionGuid = {9165AC54-DE6C-4567-8C90-7162F60DB420}
	EndGlobalSection
EndGlobal
